
Microsoft Visual Studio Solution File, Format Version 12.00
# Visual Studio Version 16
VisualStudioVersion = 16.0.810.19
MinimumVisualStudioVersion = 10.0.40219.1
Project("{FAE04EC0-301F-11D3-BF4B-00C04F79EFBC}") = "WEB1001-Assignment1", "WEB1001-Assignment1\WEB1001-Assignment1.csproj", "{26AF8831-7DA8-49C8-BB94-B67FF119D122}"
EndProject
Global
	GlobalSection(SolutionConfigurationPlatforms) = preSolution
		Debug|Any CPU = Debug|Any CPU
		Release|Any CPU = Release|Any CPU
	EndGlobalSection
	GlobalSection(ProjectConfigurationPlatforms) = postSolution
		{26AF8831-7DA8-49C8-BB94-B67FF119D122}.Debug|Any CPU.ActiveCfg = Debug|Any CPU
		{26AF8831-7DA8-49C8-BB94-B67FF119D122}.Debug|Any CPU.Build.0 = Debug|Any CPU
		{26AF8831-7DA8-49C8-BB94-B67FF119D122}.Release|Any CPU.ActiveCfg = Release|Any CPU
		{26AF8831-7DA8-49C8-BB94-B67FF119D122}.Release|Any CPU.Build.0 = Release|Any CPU
	EndGlobalSection
	GlobalSection(SolutionProperties) = preSolution
		HideSolutionNode = FALSE
	EndGlobalSection
	GlobalSection(ExtensibilityGlobals) = postSolution
		SolutionGuid = {6B95E27B-EC03-4970-91BB-7979D78E38D8}
	EndGlobalSection
EndGlobal
